
Microsoft Visual Studio Solution File, Format Version 12.00
# Visual Studio Version 17
VisualStudioVersion = 17.3.32929.385
MinimumVisualStudioVersion = 10.0.40219.1
Project("{FAE04EC0-301F-11D3-BF4B-00C04F79EFBC}") = "VisitorPattern", "VisitorPattern\VisitorPattern.csproj", "{B78DF44A-59CC-4395-AE55-81E68544E371}"
EndProject
Global
	GlobalSection(SolutionConfigurationPlatforms) = preSolution
		Debug|Any CPU = Debug|Any CPU
		Release|Any CPU = Release|Any CPU
	EndGlobalSection
	GlobalSection(ProjectConfigurationPlatforms) = postSolution
		{B78DF44A-59CC-4395-AE55-81E68544E371}.Debug|Any CPU.ActiveCfg = Debug|Any CPU
		{B78DF44A-59CC-4395-AE55-81E68544E371}.Debug|Any CPU.Build.0 = Debug|Any CPU
		{B78DF44A-59CC-4395-AE55-81E68544E371}.Release|Any CPU.ActiveCfg = Release|Any CPU
		{B78DF44A-59CC-4395-AE55-81E68544E371}.Release|Any CPU.Build.0 = Release|Any CPU
	EndGlobalSection
	GlobalSection(SolutionProperties) = preSolution
		HideSolutionNode = FALSE
	EndGlobalSection
	GlobalSection(ExtensibilityGlobals) = postSolution
		SolutionGuid = {04B507F6-FF3A-4A1D-AFCB-8837D0C19D2B}
	EndGlobalSection
EndGlobal
